
Microsoft Visual Studio Solution File, Format Version 12.00
# Visual Studio Version 17
VisualStudioVersion = 17.3.32901.215
MinimumVisualStudioVersion = 10.0.40219.1
Project("{FAE04EC0-301F-11D3-BF4B-00C04F79EFBC}") = "ortalama-hesaplama", "ortalama-hesaplama\ortalama-hesaplama.csproj", "{B21F5805-ADD6-45AE-93A1-DA8F920F9625}"
EndProject
Global
	GlobalSection(SolutionConfigurationPlatforms) = preSolution
		Debug|Any CPU = Debug|Any CPU
		Release|Any CPU = Release|Any CPU
	EndGlobalSection
	GlobalSection(ProjectConfigurationPlatforms) = postSolution
		{B21F5805-ADD6-45AE-93A1-DA8F920F9625}.Debug|Any CPU.ActiveCfg = Debug|Any CPU
		{B21F5805-ADD6-45AE-93A1-DA8F920F9625}.Debug|Any CPU.Build.0 = Debug|Any CPU
		{B21F5805-ADD6-45AE-93A1-DA8F920F9625}.Release|Any CPU.ActiveCfg = Release|Any CPU
		{B21F5805-ADD6-45AE-93A1-DA8F920F9625}.Release|Any CPU.Build.0 = Release|Any CPU
	EndGlobalSection
	GlobalSection(SolutionProperties) = preSolution
		HideSolutionNode = FALSE
	EndGlobalSection
	GlobalSection(ExtensibilityGlobals) = postSolution
		SolutionGuid = {F7F8FEC3-182C-46DF-8CFF-6B7DA4926F25}
	EndGlobalSection
EndGlobal
